
Microsoft Visual Studio Solution File, Format Version 12.00
# Visual Studio Version 16
VisualStudioVersion = 16.0.29230.47
MinimumVisualStudioVersion = 10.0.40219.1
Project("{FAE04EC0-301F-11D3-BF4B-00C04F79EFBC}") = "MachinaBridge", "MachinaBridge\MachinaBridge.csproj", "{B0FF475C-DA83-4F44-BE01-EBA40E639C7D}"
EndProject
Project("{FAE04EC0-301F-11D3-BF4B-00C04F79EFBC}") = "Machina", "..\..\Machina.NET\src\Machina\Machina.csproj", "{15951838-F9D6-4988-A103-B7C72BFE81A2}"
EndProject
Global
	GlobalSection(SolutionConfigurationPlatforms) = preSolution
		Debug|Any CPU = Debug|Any CPU
		Debug|x64 = Debug|x64
		Release|Any CPU = Release|Any CPU
		Release|x64 = Release|x64
	EndGlobalSection
	GlobalSection(ProjectConfigurationPlatforms) = postSolution
		{B0FF475C-DA83-4F44-BE01-EBA40E639C7D}.Debug|Any CPU.ActiveCfg = Debug|Any CPU
		{B0FF475C-DA83-4F44-BE01-EBA40E639C7D}.Debug|Any CPU.Build.0 = Debug|Any CPU
		{B0FF475C-DA83-4F44-BE01-EBA40E639C7D}.Debug|x64.ActiveCfg = Debug|Any CPU
		{B0FF475C-DA83-4F44-BE01-EBA40E639C7D}.Debug|x64.Build.0 = Debug|Any CPU
		{B0FF475C-DA83-4F44-BE01-EBA40E639C7D}.Release|Any CPU.ActiveCfg = Release|Any CPU
		{B0FF475C-DA83-4F44-BE01-EBA40E639C7D}.Release|Any CPU.Build.0 = Release|Any CPU
		{B0FF475C-DA83-4F44-BE01-EBA40E639C7D}.Release|x64.ActiveCfg = Release|Any CPU
		{B0FF475C-DA83-4F44-BE01-EBA40E639C7D}.Release|x64.Build.0 = Release|Any CPU
		{15951838-F9D6-4988-A103-B7C72BFE81A2}.Debug|Any CPU.ActiveCfg = Debug|Any CPU
		{15951838-F9D6-4988-A103-B7C72BFE81A2}.Debug|Any CPU.Build.0 = Debug|Any CPU
		{15951838-F9D6-4988-A103-B7C72BFE81A2}.Debug|x64.ActiveCfg = Debug|x64
		{15951838-F9D6-4988-A103-B7C72BFE81A2}.Debug|x64.Build.0 = Debug|x64
		{15951838-F9D6-4988-A103-B7C72BFE81A2}.Release|Any CPU.ActiveCfg = Release|Any CPU
		{15951838-F9D6-4988-A103-B7C72BFE81A2}.Release|Any CPU.Build.0 = Release|Any CPU
		{15951838-F9D6-4988-A103-B7C72BFE81A2}.Release|x64.ActiveCfg = Release|x64
		{15951838-F9D6-4988-A103-B7C72BFE81A2}.Release|x64.Build.0 = Release|x64
	EndGlobalSection
	GlobalSection(SolutionProperties) = preSolution
		HideSolutionNode = FALSE
	EndGlobalSection
	GlobalSection(ExtensibilityGlobals) = postSolution
		SolutionGuid = {13DD82A3-E203-4889-87AF-B2A8FB5C59DD}
	EndGlobalSection
EndGlobal
